
Microsoft Visual Studio Solution File, Format Version 12.00
# Visual Studio Version 16
VisualStudioVersion = 16.0.29709.97
MinimumVisualStudioVersion = 10.0.40219.1
Project("{FAE04EC0-301F-11D3-BF4B-00C04F79EFBC}") = "mvc_shop", "mvc_shop\mvc_shop.csproj", "{B1A6A9C7-52D8-49EC-AE5D-1827E182DB9D}"
EndProject
Global
	GlobalSection(SolutionConfigurationPlatforms) = preSolution
		Debug|Any CPU = Debug|Any CPU
		Release|Any CPU = Release|Any CPU
	EndGlobalSection
	GlobalSection(ProjectConfigurationPlatforms) = postSolution
		{B1A6A9C7-52D8-49EC-AE5D-1827E182DB9D}.Debug|Any CPU.ActiveCfg = Debug|Any CPU
		{B1A6A9C7-52D8-49EC-AE5D-1827E182DB9D}.Debug|Any CPU.Build.0 = Debug|Any CPU
		{B1A6A9C7-52D8-49EC-AE5D-1827E182DB9D}.Release|Any CPU.ActiveCfg = Release|Any CPU
		{B1A6A9C7-52D8-49EC-AE5D-1827E182DB9D}.Release|Any CPU.Build.0 = Release|Any CPU
	EndGlobalSection
	GlobalSection(SolutionProperties) = preSolution
		HideSolutionNode = FALSE
	EndGlobalSection
	GlobalSection(ExtensibilityGlobals) = postSolution
		SolutionGuid = {945AC589-B70C-42FB-9AFE-DEE8DF0BD64E}
	EndGlobalSection
EndGlobal
